{
  "name": "@amzn/innovation-sandbox-layer-commons",
  "version": "1.0.0",
  "lockfileVersion": 3,
  "requires": true,
  "packages": {
    "": {
      "name": "@amzn/innovation-sandbox-layer-commons",
      "version": "1.0.0",
      "license": "Apache-2.0",
      "dependencies": {
        "@amzn/innovation-sandbox-commons": "file:../../common"
      }
    },
    "node_modules/@amzn/innovation-sandbox-commons": {
      "version": "1.0.0",
      "resolved": "file:../../common"
    }
  }
}
